{
  "name": "weixinschoolface",
  "version": "1.0.0",
  "lockfileVersion": 1,
  "requires": true,
  "dependencies": {
    "@vant/weapp": {
      "version": "1.6.8",
      "resolved": "https://registry.npm.taobao.org/@vant/weapp/download/@vant/weapp-1.6.8.tgz",
      "integrity": "sha512-CvRgAZdGUtJKEnd2wmjw3oaRYXBq/YqerFTmf19cTd3G9+vRR67nSXPMUNQEoPPSm7LZo6gF6Xk/5pYx4Q4C0Q=="
    },
    "js-md5": {
      "version": "0.7.3",
      "resolved": "https://r.cnpmjs.org/js-md5/download/js-md5-0.7.3.tgz",
      "integrity": "sha1-tPL7sLMnRV9ZjWcn447Ccs0Jw/I=",
      "dev": true
    },
    "mina-touch": {
      "version": "1.0.1",
      "resolved": "https://r.cnpmjs.org/mina-touch/download/mina-touch-1.0.1.tgz",
      "integrity": "sha1-pGkqdL9Zy4dXazoDz+oEmrixn6s=",
      "dev": true
    },
    "querystring": {
      "version": "0.2.1",
      "resolved": "https://r.cnpmjs.org/querystring/download/querystring-0.2.1.tgz",
      "integrity": "sha1-QNd2FbsJ0WkCqFw+OKqLXtdhwt0=",
      "dev": true
    }
  }
}
